<?xml version="1.0" encoding="utf-8"?>
<Project ToolsVersion="4.0" xmlns="http://schemas.microsoft.com/developer/msbuild/2003">
  <ItemGroup>
    <Filter Include="Source Files">
      <UniqueIdentifier>{4FC737F1-C7A5-4376-A066-2A32D752A2FF}</UniqueIdentifier>
      <Extensions>cpp;c;cc;cxx;c++;cppm;ixx;def;odl;idl;hpj;bat;asm;asmx</Extensions>
    </Filter>
    <Filter Include="Header Files">
      <UniqueIdentifier>{93995380-89BD-4b04-88EB-625FBE52EBFB}</UniqueIdentifier>
      <Extensions>h;hh;hpp;hxx;h++;hm;inl;inc;ipp;xsd</Extensions>
    </Filter>
    <Filter Include="Resource Files">
      <UniqueIdentifier>{67DA6AB6-F800-4c08-8B7A-83BB121AAD01}</UniqueIdentifier>
      <Extensions>rc;ico;cur;bmp;dlg;rc2;rct;bin;rgs;gif;jpg;jpeg;jpe;resx;tiff;tif;png;wav;mfcribbon-ms</Extensions>
    </Filter>
    <Filter Include="Header Files\Engine">
      <UniqueIdentifier>{242598d8-f396-4bc8-911b-7125b6212bbf}</UniqueIdentifier>
    </Filter>
    <Filter Include="Source Files\Engine">
      <UniqueIdentifier>{d547d49d-f362-4f95-a735-28722159d48b}</UniqueIdentifier>
    </Filter>
    <Filter Include="Header Files\Engine\Events">
      <UniqueIdentifier>{508db991-755c-4823-8bf6-b75389313cbd}</UniqueIdentifier>
    </Filter>
    <Filter Include="Header Files\Engine\Components">
      <UniqueIdentifier>{3edcf83d-59f4-4a00-aa89-dc9d0ff84d2c}</UniqueIdentifier>
    </Filter>
    <Filter Include="Header Files\Engine\Debug">
      <UniqueIdentifier>{58a102ee-0bdf-4348-a6bb-0d979a6d2e83}</UniqueIdentifier>
    </Filter>
    <Filter Include="Header Files\Engine\Types">
      <UniqueIdentifier>{08b826d7-4109-4d0a-aeeb-ebae91298bae}</UniqueIdentifier>
    </Filter>
    <Filter Include="Source Files\Engine\Components">
      <UniqueIdentifier>{7628f67c-604f-466e-a28c-d648e3183852}</UniqueIdentifier>
    </Filter>
    <Filter Include="Source Files\Engine\Functionality">
      <UniqueIdentifier>{e2a33f70-9044-4ef3-b5f5-e62e8841a8b7}</UniqueIdentifier>
    </Filter>
    <Filter Include="Source Files\Engine\Types">
      <UniqueIdentifier>{2f66ed08-4d1a-4994-a395-99e40ba84ddf}</UniqueIdentifier>
    </Filter>
    <Filter Include="Header Files\Engine\Functionality">
      <UniqueIdentifier>{0a25686c-f546-4f67-a486-656debfebbe4}</UniqueIdentifier>
    </Filter>
    <Filter Include="Header Files\Systems">
      <UniqueIdentifier>{4703abe1-b295-423d-a0ab-862ec8a062c5}</UniqueIdentifier>
    </Filter>
    <Filter Include="Source Files\Engine\Debug">
      <UniqueIdentifier>{b9e8caee-eb52-4a99-8221-119cd409751b}</UniqueIdentifier>
    </Filter>
    <Filter Include="Source Files\Systems">
      <UniqueIdentifier>{bbad60dd-f207-43b6-a526-503a9a1054b7}</UniqueIdentifier>
    </Filter>
    <Filter Include="Header Files\Scenes">
      <UniqueIdentifier>{318798dc-0c1a-4b93-ae93-5a6cbfad1c8b}</UniqueIdentifier>
    </Filter>
    <Filter Include="Header Files\Engine\SubSystems">
      <UniqueIdentifier>{d2d7c9ba-6a42-48fe-a553-56ef278af86c}</UniqueIdentifier>
    </Filter>
    <Filter Include="Source Files\Engine\SubSystems">
      <UniqueIdentifier>{a9de843f-7db5-4bdb-ab40-9ebc1ec9a230}</UniqueIdentifier>
    </Filter>
  </ItemGroup>
  <ItemGroup>
    <ClInclude Include="DynamicArray.h">
      <Filter>Header Files\Engine\Types</Filter>
    </ClInclude>
    <ClInclude Include="Vector3D.h">
      <Filter>Header Files\Engine\Types</Filter>
    </ClInclude>
    <ClInclude Include="Application.h">
      <Filter>Header Files\Engine</Filter>
    </ClInclude>
    <ClInclude Include="Scene.h">
      <Filter>Header Files\Engine</Filter>
    </ClInclude>
    <ClInclude Include="HexagonGrid.h">
      <Filter>Header Files\Engine\Functionality</Filter>
    </ClInclude>
    <ClInclude Include="Timer.h">
      <Filter>Header Files\Engine\Functionality</Filter>
    </ClInclude>
    <ClInclude Include="AStar.h">
      <Filter>Header Files\Engine\Functionality</Filter>
    </ClInclude>
    <ClInclude Include="Entity.h">
      <Filter>Header Files\Engine</Filter>
    </ClInclude>
    <ClInclude Include="Components.h">
      <Filter>Header Files\Engine\Components</Filter>
    </ClInclude>
    <ClInclude Include="SharedResources.h">
      <Filter>Header Files\Engine</Filter>
    </ClInclude>
    <ClInclude Include="CollisionEvent.h">
      <Filter>Header Files\Engine\Events</Filter>
    </ClInclude>
    <ClInclude Include="System.h">
      <Filter>Header Files\Engine</Filter>
    </ClInclude>
    <ClInclude Include="Softbody.h">
      <Filter>Header Files\Systems</Filter>
    </ClInclude>
    <ClInclude Include="AudioManager.h">
      <Filter>Header Files\Engine\SubSystems</Filter>
    </ClInclude>
    <ClInclude Include="PhysicsEngine.h">
      <Filter>Header Files\Engine\SubSystems</Filter>
    </ClInclude>
    <ClInclude Include="FileManager.h">
      <Filter>Header Files\Engine\SubSystems</Filter>
    </ClInclude>
    <ClInclude Include="Renderer.h">
      <Filter>Header Files\Engine\SubSystems</Filter>
    </ClInclude>
    <ClInclude Include="PlayerController.h">
      <Filter>Header Files\Systems</Filter>
    </ClInclude>
  </ItemGroup>
  <ItemGroup>
    <ClCompile Include="Debug.h">
      <Filter>Header Files\Engine\Debug</Filter>
    </ClCompile>
    <ClCompile Include="Vector3D.cpp">
      <Filter>Source Files\Engine\Types</Filter>
    </ClCompile>
    <ClCompile Include="Application.cpp">
      <Filter>Source Files\Engine</Filter>
    </ClCompile>
    <ClCompile Include="HexagonGrid.cpp">
      <Filter>Source Files\Engine\Functionality</Filter>
    </ClCompile>
    <ClCompile Include="Timer.cpp">
      <Filter>Source Files\Engine\Functionality</Filter>
    </ClCompile>
    <ClCompile Include="Entity.cpp">
      <Filter>Source Files\Engine</Filter>
    </ClCompile>
    <ClCompile Include="Components.cpp">
      <Filter>Source Files\Engine\Components</Filter>
    </ClCompile>
    <ClCompile Include="Scene.cpp">
      <Filter>Source Files\Engine</Filter>
    </ClCompile>
    <ClCompile Include="main.cpp">
      <Filter>Source Files</Filter>
    </ClCompile>
    <ClCompile Include="SharedResources.cpp">
      <Filter>Source Files\Engine</Filter>
    </ClCompile>
    <ClCompile Include="System.cpp">
      <Filter>Source Files\Engine</Filter>
    </ClCompile>
    <ClCompile Include="Softbody.cpp">
      <Filter>Source Files\Systems</Filter>
    </ClCompile>
    <ClCompile Include="spring.h">
      <Filter>Header Files\Engine\Functionality</Filter>
    </ClCompile>
    <ClCompile Include="spring.cpp">
      <Filter>Source Files\Engine\Functionality</Filter>
    </ClCompile>
    <ClCompile Include="AudioManager.cpp">
      <Filter>Source Files\Engine\SubSystems</Filter>
    </ClCompile>
    <ClCompile Include="FileManager.cpp">
      <Filter>Source Files\Engine\SubSystems</Filter>
    </ClCompile>
    <ClCompile Include="Renderer.cpp">
      <Filter>Source Files\Engine\SubSystems</Filter>
    </ClCompile>
    <ClCompile Include="PhysicsEngine.cpp">
      <Filter>Source Files\Engine\SubSystems</Filter>
    </ClCompile>
    <ClCompile Include="PlayerController.cpp">
      <Filter>Source Files\Systems</Filter>
    </ClCompile>
  </ItemGroup>
  <ItemGroup>
    <None Include="Assets\Scenes\Tests.wgf">
      <Filter>Header Files\Scenes</Filter>
    </None>
  </ItemGroup>
  <ItemGroup>
    <Image Include="Assets\Art\flaim.png">
      <Filter>Resource Files</Filter>
    </Image>
    <Image Include="Assets\Art\hitbox.png">
      <Filter>Resource Files</Filter>
    </Image>
    <Image Include="Assets\Art\slime.png">
      <Filter>Resource Files</Filter>
    </Image>
    <Image Include="Assets\Art\smil.png">
      <Filter>Resource Files</Filter>
    </Image>
  </ItemGroup>
</Project>