<?xml version="1.0" encoding="utf-8"?>
<Project ToolsVersion="4.0" xmlns="http://schemas.microsoft.com/developer/msbuild/2003">
  <ItemGroup>
    <Filter Include="Source Files">
      <UniqueIdentifier>{4FC737F1-C7A5-4376-A066-2A32D752A2FF}</UniqueIdentifier>
      <Extensions>cpp;c;cc;cxx;c++;cppm;ixx;def;odl;idl;hpj;bat;asm;asmx</Extensions>
    </Filter>
    <Filter Include="Header Files">
      <UniqueIdentifier>{93995380-89BD-4b04-88EB-625FBE52EBFB}</UniqueIdentifier>
      <Extensions>h;hh;hpp;hxx;h++;hm;inl;inc;ipp;xsd</Extensions>
    </Filter>
    <Filter Include="Resource Files">
      <UniqueIdentifier>{67DA6AB6-F800-4c08-8B7A-83BB121AAD01}</UniqueIdentifier>
      <Extensions>rc;ico;cur;bmp;dlg;rc2;rct;bin;rgs;gif;jpg;jpeg;jpe;resx;tiff;tif;png;wav;mfcribbon-ms</Extensions>
    </Filter>
    <Filter Include="Header Files\Components">
      <UniqueIdentifier>{13639621-93d3-43b0-85d2-5b5504c7537d}</UniqueIdentifier>
    </Filter>
    <Filter Include="Source Files\Components">
      <UniqueIdentifier>{5e1491c1-0ecb-42db-996b-fe137a2521ae}</UniqueIdentifier>
    </Filter>
    <Filter Include="Header Files\Systems">
      <UniqueIdentifier>{9a0170fa-d357-4c7f-8a05-3cb3d5443478}</UniqueIdentifier>
    </Filter>
    <Filter Include="Source Files\Systems">
      <UniqueIdentifier>{c78332d0-0f71-4da8-9e34-45b3f4714daa}</UniqueIdentifier>
    </Filter>
    <Filter Include="Resource Files\Pictures">
      <UniqueIdentifier>{e7315a5f-eaf1-4c67-87f4-35ce57852c7c}</UniqueIdentifier>
    </Filter>
    <Filter Include="Resource Files\Sounds">
      <UniqueIdentifier>{dec89cf5-7be2-4c6b-a2e6-38c54381ec77}</UniqueIdentifier>
    </Filter>
    <Filter Include="Resource Files\Scenes">
      <UniqueIdentifier>{c0acd0c0-1ca4-40fc-980c-a5d7ddb73a1b}</UniqueIdentifier>
    </Filter>
  </ItemGroup>
  <ItemGroup>
    <Image Include="Assets\Art\flaim.png">
      <Filter>Resource Files\Pictures</Filter>
    </Image>
    <Image Include="Assets\Art\hitbox.png">
      <Filter>Resource Files\Pictures</Filter>
    </Image>
    <Image Include="Assets\Art\slime.png">
      <Filter>Resource Files\Pictures</Filter>
    </Image>
    <Image Include="Assets\Art\smil.png">
      <Filter>Resource Files\Pictures</Filter>
    </Image>
    <Image Include="Assets\Art\TileSet.png">
      <Filter>Resource Files\Pictures</Filter>
    </Image>
  </ItemGroup>
  <ItemGroup>
    <ClCompile Include="somData.cpp">
      <Filter>Source Files\Components</Filter>
    </ClCompile>
    <ClCompile Include="SoftbodyNode.cpp">
      <Filter>Source Files\Systems</Filter>
    </ClCompile>
    <ClCompile Include="Softbody.cpp">
      <Filter>Source Files\Systems</Filter>
    </ClCompile>
    <ClCompile Include="Controler.cpp">
      <Filter>Source Files\Systems</Filter>
    </ClCompile>
    <ClCompile Include="main.cpp">
      <Filter>Source Files</Filter>
    </ClCompile>
  </ItemGroup>
  <ItemGroup>
    <ClInclude Include="SoftbodyNode.h">
      <Filter>Header Files\Systems</Filter>
    </ClInclude>
    <ClInclude Include="somData.h">
      <Filter>Header Files\Components</Filter>
    </ClInclude>
    <ClInclude Include="Softbody.h">
      <Filter>Header Files\Systems</Filter>
    </ClInclude>
    <ClInclude Include="Controler.h">
      <Filter>Header Files\Systems</Filter>
    </ClInclude>
  </ItemGroup>
  <ItemGroup>
    <Media Include="Assets\Audio\jump.wav">
      <Filter>Resource Files\Sounds</Filter>
    </Media>
  </ItemGroup>
  <ItemGroup>
    <None Include="Assets\Scenes\Tests.wgf">
      <Filter>Resource Files\Scenes</Filter>
    </None>
  </ItemGroup>
</Project>