<?xml version="1.0" encoding="utf-8"?>
<Project ToolsVersion="4.0" xmlns="http://schemas.microsoft.com/developer/msbuild/2003">
  <ItemGroup>
    <Filter Include="Source Files">
      <UniqueIdentifier>{4FC737F1-C7A5-4376-A066-2A32D752A2FF}</UniqueIdentifier>
      <Extensions>cpp;c;cc;cxx;c++;cppm;ixx;def;odl;idl;hpj;bat;asm;asmx</Extensions>
    </Filter>
    <Filter Include="Header Files">
      <UniqueIdentifier>{93995380-89BD-4b04-88EB-625FBE52EBFB}</UniqueIdentifier>
      <Extensions>h;hh;hpp;hxx;h++;hm;inl;inc;ipp;xsd</Extensions>
    </Filter>
    <Filter Include="Resource Files">
      <UniqueIdentifier>{67DA6AB6-F800-4c08-8B7A-83BB121AAD01}</UniqueIdentifier>
      <Extensions>rc;ico;cur;bmp;dlg;rc2;rct;bin;rgs;gif;jpg;jpeg;jpe;resx;tiff;tif;png;wav;mfcribbon-ms</Extensions>
    </Filter>
    <Filter Include="Source Files\Systems">
      <UniqueIdentifier>{c5e6efb5-1410-4038-b350-b2332b2575ae}</UniqueIdentifier>
    </Filter>
    <Filter Include="Source Files\Components">
      <UniqueIdentifier>{66f26136-62c2-4aa8-a9e3-f8cff44a5ec3}</UniqueIdentifier>
    </Filter>
    <Filter Include="Header Files\Components">
      <UniqueIdentifier>{c6806bb3-6055-4dc1-accc-b24c363ce49d}</UniqueIdentifier>
    </Filter>
    <Filter Include="Header Files\systems">
      <UniqueIdentifier>{322c8ca4-1d7a-495a-8042-4561ead32f4c}</UniqueIdentifier>
    </Filter>
    <Filter Include="Resource Files\Scenes">
      <UniqueIdentifier>{b86784cf-bbef-4535-b3e6-0aaeec575693}</UniqueIdentifier>
    </Filter>
  </ItemGroup>
  <ItemGroup>
    <ClCompile Include="main.cpp">
      <Filter>Source Files</Filter>
    </ClCompile>
    <ClCompile Include="SoftbodySpawner.cpp">
      <Filter>Source Files\Systems</Filter>
    </ClCompile>
    <ClCompile Include="Softbody.cpp">
      <Filter>Source Files\Systems</Filter>
    </ClCompile>
    <ClCompile Include="somData.cpp">
      <Filter>Source Files\Components</Filter>
    </ClCompile>
  </ItemGroup>
  <ItemGroup>
    <ClInclude Include="somData.h">
      <Filter>Header Files\Components</Filter>
    </ClInclude>
    <ClInclude Include="Softbody.h">
      <Filter>Header Files\systems</Filter>
    </ClInclude>
    <ClInclude Include="SoftbodySpawner.h">
      <Filter>Header Files\systems</Filter>
    </ClInclude>
  </ItemGroup>
  <ItemGroup>
    <None Include="..\Game\Assets\Scenes\Tests.wgf">
      <Filter>Resource Files\Scenes</Filter>
    </None>
  </ItemGroup>
  <ItemGroup>
    <Image Include="..\Game\Assets\Art\flaim.png">
      <Filter>Resource Files</Filter>
    </Image>
    <Image Include="..\Game\Font.png">
      <Filter>Resource Files</Filter>
    </Image>
    <Image Include="..\Game\Assets\Art\hitbox.png">
      <Filter>Resource Files</Filter>
    </Image>
    <Image Include="..\Game\Assets\Art\slime.png">
      <Filter>Resource Files</Filter>
    </Image>
    <Image Include="..\Game\Assets\Art\smil.png">
      <Filter>Resource Files</Filter>
    </Image>
    <Image Include="..\Game\Assets\Art\TileSet.png">
      <Filter>Resource Files</Filter>
    </Image>
  </ItemGroup>
</Project>